lockfileVersion: '6.0'

settings:
  autoInstallPeers: true
  excludeLinksFromLockfile: false

dependencies:
  crypto-js:
    specifier: ^4.2.0
    version: 4.2.0
  fs:
    specifier: ^0.0.1-security
    version: 0.0.1-security
  node-machine-id:
    specifier: ^1.1.12
    version: 1.1.12
  phin:
    specifier: ^3.7.0
    version: 3.7.0

packages:

  /centra@2.6.0:
    resolution: {integrity: sha512-dgh+YleemrT8u85QL11Z6tYhegAs3MMxsaWAq/oXeAmYJ7VxL3SI9TZtnfaEvNDMAPolj25FXIb3S+HCI4wQaQ==}
    dev: false

  /crypto-js@4.2.0:
    resolution: {integrity: sha512-KALDyEYgpY+Rlob/iriUtjV6d5Eq+Y191A5g4UqLAi8CyGP9N1+FdVbkc1SxKc2r4YAYqG8JzO2KGL+AizD70Q==}
    dev: false

  /fs@0.0.1-security:
    resolution: {integrity: sha512-3XY9e1pP0CVEUCdj5BmfIZxRBTSDycnbqhIOGec9QYtmVH2fbLpj86CFWkrNOkt/Fvty4KZG5lTglL9j/gJ87w==}
    dev: false

  /node-machine-id@1.1.12:
    resolution: {integrity: sha512-QNABxbrPa3qEIfrE6GOJ7BYIuignnJw7iQ2YPbc3Nla1HzRJjXzZOiikfF8m7eAMfichLt3M4VgLOetqgDmgGQ==}
    dev: false

  /phin@3.7.0:
    resolution: {integrity: sha512-DqnVNrpYhKGBZppNKprD+UJylMeEKOZxHgPB+ZP6mGzf3uA2uox4Ep9tUm+rUc8WLIdHT3HcAE4X8fhwQA9JKg==}
    engines: {node: '>= 8'}
    dependencies:
      centra: 2.6.0
    dev: false
